// !$*UTF8*$!
{
	archiveVersion = 1;
	classes = {
	};
	objectVersion = 50;
	objects = {

/* Begin PBXBuildFile section */
		67D2FAD32518968200657C24 /* AppDelegate.swift in Sources */ = {isa = PBXBuildFile; fileRef = 67D2FAD22518968200657C24 /* AppDelegate.swift */; };
		67D2FAD52518968200657C24 /* SceneDelegate.swift in Sources */ = {isa = PBXBuildFile; fileRef = 67D2FAD42518968200657C24 /* SceneDelegate.swift */; };
		67D2FAD72518968200657C24 /* MainVC.swift in Sources */ = {isa = PBXBuildFile; fileRef = 67D2FAD62518968200657C24 /* MainVC.swift */; };
		67D2FADC2518968500657C24 /* Assets.xcassets in Resources */ = {isa = PBXBuildFile; fileRef = 67D2FADB2518968500657C24 /* Assets.xcassets */; };
		67D2FADF2518968500657C24 /* LaunchScreen.storyboard in Resources */ = {isa = PBXBuildFile; fileRef = 67D2FADD2518968500657C24 /* LaunchScreen.storyboard */; };
		67D2FAF22518A24600657C24 /* FeedCell.swift in Sources */ = {isa = PBXBuildFile; fileRef = 67D2FAF12518A24600657C24 /* FeedCell.swift */; };
		67D2FAFE2518BEB900657C24 /* PostVC.swift in Sources */ = {isa = PBXBuildFile; fileRef = 67D2FAFD2518BEB900657C24 /* PostVC.swift */; };
		67D2FB082518D02B00657C24 /* DataLoader.swift in Sources */ = {isa = PBXBuildFile; fileRef = 67D2FB072518D02B00657C24 /* DataLoader.swift */; };
		67EA30B22519E32000F0D7A5 /* PostDict.swift in Sources */ = {isa = PBXBuildFile; fileRef = 67EA30B12519E32000F0D7A5 /* PostDict.swift */; };
		67EA30B62519E33B00F0D7A5 /* SomeData.swift in Sources */ = {isa = PBXBuildFile; fileRef = 67EA30B52519E33B00F0D7A5 /* SomeData.swift */; };
		67EA30B92519E35100F0D7A5 /* Item.swift in Sources */ = {isa = PBXBuildFile; fileRef = 67EA30B82519E35100F0D7A5 /* Item.swift */; };
		67EA30BC2519E36200F0D7A5 /* Content.swift in Sources */ = {isa = PBXBuildFile; fileRef = 67EA30BB2519E36200F0D7A5 /* Content.swift */; };
		67EA30BF2519E37000F0D7A5 /* ContentData.swift in Sources */ = {isa = PBXBuildFile; fileRef = 67EA30BE2519E37000F0D7A5 /* ContentData.swift */; };
		67EA30C22519E38500F0D7A5 /* Author.swift in Sources */ = {isa = PBXBuildFile; fileRef = 67EA30C12519E38500F0D7A5 /* Author.swift */; };
		67EA30C62519E45200F0D7A5 /* Request.swift in Sources */ = {isa = PBXBuildFile; fileRef = 67EA30C52519E45200F0D7A5 /* Request.swift */; };
		67EA30CA2519E46300F0D7A5 /* SortType.swift in Sources */ = {isa = PBXBuildFile; fileRef = 67EA30C92519E46300F0D7A5 /* SortType.swift */; };
		67EA30D9251A0A3C00F0D7A5 /* UD.swift in Sources */ = {isa = PBXBuildFile; fileRef = 67EA30D8251A0A3C00F0D7A5 /* UD.swift */; };
		67EA30E2251A0E7E00F0D7A5 /* Stats.swift in Sources */ = {isa = PBXBuildFile; fileRef = 67EA30E1251A0E7E00F0D7A5 /* Stats.swift */; };
		67EA30E5251A0EAC00F0D7A5 /* Comments.swift in Sources */ = {isa = PBXBuildFile; fileRef = 67EA30E4251A0EAC00F0D7A5 /* Comments.swift */; };
		67EA30E9251A287B00F0D7A5 /* Photo.swift in Sources */ = {isa = PBXBuildFile; fileRef = 67EA30E8251A287B00F0D7A5 /* Photo.swift */; };
		67EA30ED251A28AE00F0D7A5 /* ExtraType.swift in Sources */ = {isa = PBXBuildFile; fileRef = 67EA30EC251A28AE00F0D7A5 /* ExtraType.swift */; };
		67EA30F0251A28B400F0D7A5 /* PhotoData.swift in Sources */ = {isa = PBXBuildFile; fileRef = 67EA30EF251A28B400F0D7A5 /* PhotoData.swift */; };
		67EA30F3251A28FD00F0D7A5 /* PhotoProperties.swift in Sources */ = {isa = PBXBuildFile; fileRef = 67EA30F2251A28FD00F0D7A5 /* PhotoProperties.swift */; };
		67EA30FA251A2B1000F0D7A5 /* UIImageView_Extension.swift in Sources */ = {isa = PBXBuildFile; fileRef = 67EA30F9251A2B1000F0D7A5 /* UIImageView_Extension.swift */; };
/* End PBXBuildFile section */

/* Begin PBXFileReference section */
		67D2FACF2518968200657C24 /* PostsFeed_TestApp.app */ = {isa = PBXFileReference; explicitFileType = wrapper.application; includeInIndex = 0; path = PostsFeed_TestApp.app; sourceTree = BUILT_PRODUCTS_DIR; };
		67D2FAD22518968200657C24 /* AppDelegate.swift */ = {isa = PBXFileReference; lastKnownFileType = sourcecode.swift; path = AppDelegate.swift; sourceTree = "<group>"; };
		67D2FAD42518968200657C24 /* SceneDelegate.swift */ = {isa = PBXFileReference; lastKnownFileType = sourcecode.swift; path = SceneDelegate.swift; sourceTree = "<group>"; };
		67D2FAD62518968200657C24 /* MainVC.swift */ = {isa = PBXFileReference; lastKnownFileType = sourcecode.swift; path = MainVC.swift; sourceTree = "<group>"; };
		67D2FADB2518968500657C24 /* Assets.xcassets */ = {isa = PBXFileReference; lastKnownFileType = folder.assetcatalog; path = Assets.xcassets; sourceTree = "<group>"; };
		67D2FADE2518968500657C24 /* Base */ = {isa = PBXFileReference; lastKnownFileType = file.storyboard; name = Base; path = Base.lproj/LaunchScreen.storyboard; sourceTree = "<group>"; };
		67D2FAE02518968500657C24 /* Info.plist */ = {isa = PBXFileReference; lastKnownFileType = text.plist.xml; path = Info.plist; sourceTree = "<group>"; };
		67D2FAF12518A24600657C24 /* FeedCell.swift */ = {isa = PBXFileReference; lastKnownFileType = sourcecode.swift; path = FeedCell.swift; sourceTree = "<group>"; };
		67D2FAFD2518BEB900657C24 /* PostVC.swift */ = {isa = PBXFileReference; lastKnownFileType = sourcecode.swift; path = PostVC.swift; sourceTree = "<group>"; };
		67D2FB072518D02B00657C24 /* DataLoader.swift */ = {isa = PBXFileReference; lastKnownFileType = sourcecode.swift; path = DataLoader.swift; sourceTree = "<group>"; };
		67EA30B12519E32000F0D7A5 /* PostDict.swift */ = {isa = PBXFileReference; lastKnownFileType = sourcecode.swift; path = PostDict.swift; sourceTree = "<group>"; };
		67EA30B52519E33B00F0D7A5 /* SomeData.swift */ = {isa = PBXFileReference; lastKnownFileType = sourcecode.swift; path = SomeData.swift; sourceTree = "<group>"; };
		67EA30B82519E35100F0D7A5 /* Item.swift */ = {isa = PBXFileReference; lastKnownFileType = sourcecode.swift; path = Item.swift; sourceTree = "<group>"; };
		67EA30BB2519E36200F0D7A5 /* Content.swift */ = {isa = PBXFileReference; lastKnownFileType = sourcecode.swift; path = Content.swift; sourceTree = "<group>"; };
		67EA30BE2519E37000F0D7A5 /* ContentData.swift */ = {isa = PBXFileReference; lastKnownFileType = sourcecode.swift; path = ContentData.swift; sourceTree = "<group>"; };
		67EA30C12519E38500F0D7A5 /* Author.swift */ = {isa = PBXFileReference; lastKnownFileType = sourcecode.swift; path = Author.swift; sourceTree = "<group>"; };
		67EA30C52519E45200F0D7A5 /* Request.swift */ = {isa = PBXFileReference; lastKnownFileType = sourcecode.swift; path = Request.swift; sourceTree = "<group>"; };
		67EA30C92519E46300F0D7A5 /* SortType.swift */ = {isa = PBXFileReference; lastKnownFileType = sourcecode.swift; path = SortType.swift; sourceTree = "<group>"; };
		67EA30D8251A0A3C00F0D7A5 /* UD.swift */ = {isa = PBXFileReference; lastKnownFileType = sourcecode.swift; path = UD.swift; sourceTree = "<group>"; };
		67EA30E1251A0E7E00F0D7A5 /* Stats.swift */ = {isa = PBXFileReference; lastKnownFileType = sourcecode.swift; path = Stats.swift; sourceTree = "<group>"; };
		67EA30E4251A0EAC00F0D7A5 /* Comments.swift */ = {isa = PBXFileReference; lastKnownFileType = sourcecode.swift; path = Comments.swift; sourceTree = "<group>"; };
		67EA30E8251A287B00F0D7A5 /* Photo.swift */ = {isa = PBXFileReference; lastKnownFileType = sourcecode.swift; path = Photo.swift; sourceTree = "<group>"; };
		67EA30EC251A28AE00F0D7A5 /* ExtraType.swift */ = {isa = PBXFileReference; lastKnownFileType = sourcecode.swift; path = ExtraType.swift; sourceTree = "<group>"; };
		67EA30EF251A28B400F0D7A5 /* PhotoData.swift */ = {isa = PBXFileReference; lastKnownFileType = sourcecode.swift; path = PhotoData.swift; sourceTree = "<group>"; };
		67EA30F2251A28FD00F0D7A5 /* PhotoProperties.swift */ = {isa = PBXFileReference; lastKnownFileType = sourcecode.swift; path = PhotoProperties.swift; sourceTree = "<group>"; };
		67EA30F9251A2B1000F0D7A5 /* UIImageView_Extension.swift */ = {isa = PBXFileReference; lastKnownFileType = sourcecode.swift; path = UIImageView_Extension.swift; sourceTree = "<group>"; };
/* End PBXFileReference section */

/* Begin PBXFrameworksBuildPhase section */
		67D2FACC2518968200657C24 /* Frameworks */ = {
			isa = PBXFrameworksBuildPhase;
			buildActionMask = 2147483647;
			files = (
			);
			runOnlyForDeploymentPostprocessing = 0;
		};
/* End PBXFrameworksBuildPhase section */

/* Begin PBXGroup section */
		67D2FAC62518968200657C24 = {
			isa = PBXGroup;
			children = (
				67D2FAD12518968200657C24 /* NewsFeed_TestApp */,
				67D2FAD02518968200657C24 /* Products */,
			);
			sourceTree = "<group>";
		};
		67D2FAD02518968200657C24 /* Products */ = {
			isa = PBXGroup;
			children = (
				67D2FACF2518968200657C24 /* PostsFeed_TestApp.app */,
			);
			name = Products;
			sourceTree = "<group>";
		};
		67D2FAD12518968200657C24 /* NewsFeed_TestApp */ = {
			isa = PBXGroup;
			children = (
				67EA30CE2519E92700F0D7A5 /* App */,
				67EA30CD2519E90F00F0D7A5 /* Network */,
				67EA30C42519E44700F0D7A5 /* Enums */,
				67EA30B02519E31200F0D7A5 /* Models */,
				67EA30FC251A2B2F00F0D7A5 /* Support */,
				67D2FAD62518968200657C24 /* MainVC.swift */,
				67D2FAF12518A24600657C24 /* FeedCell.swift */,
				67D2FAFD2518BEB900657C24 /* PostVC.swift */,
				67D2FADB2518968500657C24 /* Assets.xcassets */,
				67D2FADD2518968500657C24 /* LaunchScreen.storyboard */,
				67D2FAE02518968500657C24 /* Info.plist */,
			);
			path = NewsFeed_TestApp;
			sourceTree = "<group>";
		};
		67EA30B02519E31200F0D7A5 /* Models */ = {
			isa = PBXGroup;
			children = (
				67EA30B12519E32000F0D7A5 /* PostDict.swift */,
				67EA30B52519E33B00F0D7A5 /* SomeData.swift */,
				67EA30B82519E35100F0D7A5 /* Item.swift */,
				67EA30BB2519E36200F0D7A5 /* Content.swift */,
				67EA30BE2519E37000F0D7A5 /* ContentData.swift */,
				67EA30C12519E38500F0D7A5 /* Author.swift */,
				67EA30E8251A287B00F0D7A5 /* Photo.swift */,
				67EA30EC251A28AE00F0D7A5 /* ExtraType.swift */,
				67EA30EF251A28B400F0D7A5 /* PhotoData.swift */,
				67EA30F2251A28FD00F0D7A5 /* PhotoProperties.swift */,
				67EA30E1251A0E7E00F0D7A5 /* Stats.swift */,
				67EA30E4251A0EAC00F0D7A5 /* Comments.swift */,
			);
			path = Models;
			sourceTree = "<group>";
		};
		67EA30C42519E44700F0D7A5 /* Enums */ = {
			isa = PBXGroup;
			children = (
				67EA30C52519E45200F0D7A5 /* Request.swift */,
				67EA30C92519E46300F0D7A5 /* SortType.swift */,
			);
			path = Enums;
			sourceTree = "<group>";
		};
		67EA30CD2519E90F00F0D7A5 /* Network */ = {
			isa = PBXGroup;
			children = (
				67D2FB072518D02B00657C24 /* DataLoader.swift */,
			);
			path = Network;
			sourceTree = "<group>";
		};
		67EA30CE2519E92700F0D7A5 /* App */ = {
			isa = PBXGroup;
			children = (
				67D2FAD22518968200657C24 /* AppDelegate.swift */,
				67D2FAD42518968200657C24 /* SceneDelegate.swift */,
			);
			path = App;
			sourceTree = "<group>";
		};
		67EA30FC251A2B2F00F0D7A5 /* Support */ = {
			isa = PBXGroup;
			children = (
				67EA30D8251A0A3C00F0D7A5 /* UD.swift */,
				67EA30F9251A2B1000F0D7A5 /* UIImageView_Extension.swift */,
			);
			path = Support;
			sourceTree = "<group>";
		};
/* End PBXGroup section */

/* Begin PBXNativeTarget section */
		67D2FACE2518968200657C24 /* PostsFeed_TestApp */ = {
			isa = PBXNativeTarget;
			buildConfigurationList = 67D2FAE32518968500657C24 /* Build configuration list for PBXNativeTarget "PostsFeed_TestApp" */;
			buildPhases = (
				67D2FACB2518968200657C24 /* Sources */,
				67D2FACC2518968200657C24 /* Frameworks */,
				67D2FACD2518968200657C24 /* Resources */,
			);
			buildRules = (
			);
			dependencies = (
			);
			name = PostsFeed_TestApp;
			productName = NewsFeed_TestApp;
			productReference = 67D2FACF2518968200657C24 /* PostsFeed_TestApp.app */;
			productType = "com.apple.product-type.application";
		};
/* End PBXNativeTarget section */

/* Begin PBXProject section */
		67D2FAC72518968200657C24 /* Project object */ = {
			isa = PBXProject;
			attributes = {
				LastSwiftUpdateCheck = 1200;
				LastUpgradeCheck = 1200;
				TargetAttributes = {
					67D2FACE2518968200657C24 = {
						CreatedOnToolsVersion = 12.0;
					};
				};
			};
			buildConfigurationList = 67D2FACA2518968200657C24 /* Build configuration list for PBXProject "PostsFeed_TestApp" */;
			compatibilityVersion = "Xcode 9.3";
			developmentRegion = en;
			hasScannedForEncodings = 0;
			knownRegions = (
				en,
				Base,
			);
			mainGroup = 67D2FAC62518968200657C24;
			productRefGroup = 67D2FAD02518968200657C24 /* Products */;
			projectDirPath = "";
			projectRoot = "";
			targets = (
				67D2FACE2518968200657C24 /* PostsFeed_TestApp */,
			);
		};
/* End PBXProject section */

/* Begin PBXResourcesBuildPhase section */
		67D2FACD2518968200657C24 /* Resources */ = {
			isa = PBXResourcesBuildPhase;
			buildActionMask = 2147483647;
			files = (
				67D2FADF2518968500657C24 /* LaunchScreen.storyboard in Resources */,
				67D2FADC2518968500657C24 /* Assets.xcassets in Resources */,
			);
			runOnlyForDeploymentPostprocessing = 0;
		};
/* End PBXResourcesBuildPhase section */

/* Begin PBXSourcesBuildPhase section */
		67D2FACB2518968200657C24 /* Sources */ = {
			isa = PBXSourcesBuildPhase;
			buildActionMask = 2147483647;
			files = (
				67EA30FA251A2B1000F0D7A5 /* UIImageView_Extension.swift in Sources */,
				67D2FAD72518968200657C24 /* MainVC.swift in Sources */,
				67EA30BF2519E37000F0D7A5 /* ContentData.swift in Sources */,
				67EA30C62519E45200F0D7A5 /* Request.swift in Sources */,
				67EA30CA2519E46300F0D7A5 /* SortType.swift in Sources */,
				67EA30B92519E35100F0D7A5 /* Item.swift in Sources */,
				67EA30E2251A0E7E00F0D7A5 /* Stats.swift in Sources */,
				67EA30F0251A28B400F0D7A5 /* PhotoData.swift in Sources */,
				67EA30B22519E32000F0D7A5 /* PostDict.swift in Sources */,
				67EA30BC2519E36200F0D7A5 /* Content.swift in Sources */,
				67EA30E5251A0EAC00F0D7A5 /* Comments.swift in Sources */,
				67D2FAD32518968200657C24 /* AppDelegate.swift in Sources */,
				67EA30D9251A0A3C00F0D7A5 /* UD.swift in Sources */,
				67EA30C22519E38500F0D7A5 /* Author.swift in Sources */,
				67EA30F3251A28FD00F0D7A5 /* PhotoProperties.swift in Sources */,
				67EA30E9251A287B00F0D7A5 /* Photo.swift in Sources */,
				67D2FB082518D02B00657C24 /* DataLoader.swift in Sources */,
				67D2FAF22518A24600657C24 /* FeedCell.swift in Sources */,
				67D2FAD52518968200657C24 /* SceneDelegate.swift in Sources */,
				67D2FAFE2518BEB900657C24 /* PostVC.swift in Sources */,
				67EA30B62519E33B00F0D7A5 /* SomeData.swift in Sources */,
				67EA30ED251A28AE00F0D7A5 /* ExtraType.swift in Sources */,
			);
			runOnlyForDeploymentPostprocessing = 0;
		};
/* End PBXSourcesBuildPhase section */

/* Begin PBXVariantGroup section */
		67D2FADD2518968500657C24 /* LaunchScreen.storyboard */ = {
			isa = PBXVariantGroup;
			children = (
				67D2FADE2518968500657C24 /* Base */,
			);
			name = LaunchScreen.storyboard;
			sourceTree = "<group>";
		};
/* End PBXVariantGroup section */

/* Begin XCBuildConfiguration section */
		67D2FAE12518968500657C24 /* Debug */ = {
			isa = XCBuildConfiguration;
			buildSettings = {
				ALWAYS_SEARCH_USER_PATHS = NO;
				CLANG_ANALYZER_NONNULL = YES;
				CLANG_ANALYZER_NUMBER_OBJECT_CONVERSION = YES_AGGRESSIVE;
				CLANG_CXX_LANGUAGE_STANDARD = "gnu++14";
				CLANG_CXX_LIBRARY = "libc++";
				CLANG_ENABLE_MODULES = YES;
				CLANG_ENABLE_OBJC_ARC = YES;
				CLANG_ENABLE_OBJC_WEAK = YES;
				CLANG_WARN_BLOCK_CAPTURE_AUTORELEASING = YES;
				CLANG_WARN_BOOL_CONVERSION = YES;
				CLANG_WARN_COMMA = YES;
				CLANG_WARN_CONSTANT_CONVERSION = YES;
				CLANG_WARN_DEPRECATED_OBJC_IMPLEMENTATIONS = YES;
				CLANG_WARN_DIRECT_OBJC_ISA_USAGE = YES_ERROR;
				CLANG_WARN_DOCUMENTATION_COMMENTS = YES;
				CLANG_WARN_EMPTY_BODY = YES;
				CLANG_WARN_ENUM_CONVERSION = YES;
				CLANG_WARN_INFINITE_RECURSION = YES;
				CLANG_WARN_INT_CONVERSION = YES;
				CLANG_WARN_NON_LITERAL_NULL_CONVERSION = YES;
				CLANG_WARN_OBJC_IMPLICIT_RETAIN_SELF = YES;
				CLANG_WARN_OBJC_LITERAL_CONVERSION = YES;
				CLANG_WARN_OBJC_ROOT_CLASS = YES_ERROR;
				CLANG_WARN_QUOTED_INCLUDE_IN_FRAMEWORK_HEADER = YES;
				CLANG_WARN_RANGE_LOOP_ANALYSIS = YES;
				CLANG_WARN_STRICT_PROTOTYPES = YES;
				CLANG_WARN_SUSPICIOUS_MOVE = YES;
				CLANG_WARN_UNGUARDED_AVAILABILITY = YES_AGGRESSIVE;
				CLANG_WARN_UNREACHABLE_CODE = YES;
				CLANG_WARN__DUPLICATE_METHOD_MATCH = YES;
				COPY_PHASE_STRIP = NO;
				DEBUG_INFORMATION_FORMAT = dwarf;
				ENABLE_STRICT_OBJC_MSGSEND = YES;
				ENABLE_TESTABILITY = YES;
				GCC_C_LANGUAGE_STANDARD = gnu11;
				GCC_DYNAMIC_NO_PIC = NO;
				GCC_NO_COMMON_BLOCKS = YES;
				GCC_OPTIMIZATION_LEVEL = 0;
				GCC_PREPROCESSOR_DEFINITIONS = (
					"DEBUG=1",
					"$(inherited)",
				);
				GCC_WARN_64_TO_32_BIT_CONVERSION = YES;
				GCC_WARN_ABOUT_RETURN_TYPE = YES_ERROR;
				GCC_WARN_UNDECLARED_SELECTOR = YES;
				GCC_WARN_UNINITIALIZED_AUTOS = YES_AGGRESSIVE;
				GCC_WARN_UNUSED_FUNCTION = YES;
				GCC_WARN_UNUSED_VARIABLE = YES;
				IPHONEOS_DEPLOYMENT_TARGET = 14.0;
				MTL_ENABLE_DEBUG_INFO = INCLUDE_SOURCE;
				MTL_FAST_MATH = YES;
				ONLY_ACTIVE_ARCH = YES;
				SDKROOT = iphoneos;
				SWIFT_ACTIVE_COMPILATION_CONDITIONS = DEBUG;
				SWIFT_OPTIMIZATION_LEVEL = "-Onone";
			};
			name = Debug;
		};
		67D2FAE22518968500657C24 /* Release */ = {
			isa = XCBuildConfiguration;
			buildSettings = {
				ALWAYS_SEARCH_USER_PATHS = NO;
				CLANG_ANALYZER_NONNULL = YES;
				CLANG_ANALYZER_NUMBER_OBJECT_CONVERSION = YES_AGGRESSIVE;
				CLANG_CXX_LANGUAGE_STANDARD = "gnu++14";
				CLANG_CXX_LIBRARY = "libc++";
				CLANG_ENABLE_MODULES = YES;
				CLANG_ENABLE_OBJC_ARC = YES;
				CLANG_ENABLE_OBJC_WEAK = YES;
				CLANG_WARN_BLOCK_CAPTURE_AUTORELEASING = YES;
				CLANG_WARN_BOOL_CONVERSION = YES;
				CLANG_WARN_COMMA = YES;
				CLANG_WARN_CONSTANT_CONVERSION = YES;
				CLANG_WARN_DEPRECATED_OBJC_IMPLEMENTATIONS = YES;
				CLANG_WARN_DIRECT_OBJC_ISA_USAGE = YES_ERROR;
				CLANG_WARN_DOCUMENTATION_COMMENTS = YES;
				CLANG_WARN_EMPTY_BODY = YES;
				CLANG_WARN_ENUM_CONVERSION = YES;
				CLANG_WARN_INFINITE_RECURSION = YES;
				CLANG_WARN_INT_CONVERSION = YES;
				CLANG_WARN_NON_LITERAL_NULL_CONVERSION = YES;
				CLANG_WARN_OBJC_IMPLICIT_RETAIN_SELF = YES;
				CLANG_WARN_OBJC_LITERAL_CONVERSION = YES;
				CLANG_WARN_OBJC_ROOT_CLASS = YES_ERROR;
				CLANG_WARN_QUOTED_INCLUDE_IN_FRAMEWORK_HEADER = YES;
				CLANG_WARN_RANGE_LOOP_ANALYSIS = YES;
				CLANG_WARN_STRICT_PROTOTYPES = YES;
				CLANG_WARN_SUSPICIOUS_MOVE = YES;
				CLANG_WARN_UNGUARDED_AVAILABILITY = YES_AGGRESSIVE;
				CLANG_WARN_UNREACHABLE_CODE = YES;
				CLANG_WARN__DUPLICATE_METHOD_MATCH = YES;
				COPY_PHASE_STRIP = NO;
				DEBUG_INFORMATION_FORMAT = "dwarf-with-dsym";
				ENABLE_NS_ASSERTIONS = NO;
				ENABLE_STRICT_OBJC_MSGSEND = YES;
				GCC_C_LANGUAGE_STANDARD = gnu11;
				GCC_NO_COMMON_BLOCKS = YES;
				GCC_WARN_64_TO_32_BIT_CONVERSION = YES;
				GCC_WARN_ABOUT_RETURN_TYPE = YES_ERROR;
				GCC_WARN_UNDECLARED_SELECTOR = YES;
				GCC_WARN_UNINITIALIZED_AUTOS = YES_AGGRESSIVE;
				GCC_WARN_UNUSED_FUNCTION = YES;
				GCC_WARN_UNUSED_VARIABLE = YES;
				IPHONEOS_DEPLOYMENT_TARGET = 14.0;
				MTL_ENABLE_DEBUG_INFO = NO;
				MTL_FAST_MATH = YES;
				SDKROOT = iphoneos;
				SWIFT_COMPILATION_MODE = wholemodule;
				SWIFT_OPTIMIZATION_LEVEL = "-O";
				VALIDATE_PRODUCT = YES;
			};
			name = Release;
		};
		67D2FAE42518968500657C24 /* Debug */ = {
			isa = XCBuildConfiguration;
			buildSettings = {
				ASSETCATALOG_COMPILER_APPICON_NAME = AppIcon;
				ASSETCATALOG_COMPILER_GLOBAL_ACCENT_COLOR_NAME = AccentColor;
				CODE_SIGN_STYLE = Automatic;
				DEVELOPMENT_TEAM = 3PHS45582J;
				INFOPLIST_FILE = NewsFeed_TestApp/Info.plist;
				LD_RUNPATH_SEARCH_PATHS = (
					"$(inherited)",
					"@executable_path/Frameworks",
				);
				PRODUCT_BUNDLE_IDENTIFIER = "com.oleg991.PostsFeed-TestApp";
				PRODUCT_NAME = "$(TARGET_NAME)";
				SWIFT_VERSION = 5.0;
				TARGETED_DEVICE_FAMILY = 1;
			};
			name = Debug;
		};
		67D2FAE52518968500657C24 /* Release */ = {
			isa = XCBuildConfiguration;
			buildSettings = {
				ASSETCATALOG_COMPILER_APPICON_NAME = AppIcon;
				ASSETCATALOG_COMPILER_GLOBAL_ACCENT_COLOR_NAME = AccentColor;
				CODE_SIGN_STYLE = Automatic;
				DEVELOPMENT_TEAM = 3PHS45582J;
				INFOPLIST_FILE = NewsFeed_TestApp/Info.plist;
				LD_RUNPATH_SEARCH_PATHS = (
					"$(inherited)",
					"@executable_path/Frameworks",
				);
				PRODUCT_BUNDLE_IDENTIFIER = "com.oleg991.PostsFeed-TestApp";
				PRODUCT_NAME = "$(TARGET_NAME)";
				SWIFT_VERSION = 5.0;
				TARGETED_DEVICE_FAMILY = 1;
			};
			name = Release;
		};
/* End XCBuildConfiguration section */

/* Begin XCConfigurationList section */
		67D2FACA2518968200657C24 /* Build configuration list for PBXProject "PostsFeed_TestApp" */ = {
			isa = XCConfigurationList;
			buildConfigurations = (
				67D2FAE12518968500657C24 /* Debug */,
				67D2FAE22518968500657C24 /* Release */,
			);
			defaultConfigurationIsVisible = 0;
			defaultConfigurationName = Release;
		};
		67D2FAE32518968500657C24 /* Build configuration list for PBXNativeTarget "PostsFeed_TestApp" */ = {
			isa = XCConfigurationList;
			buildConfigurations = (
				67D2FAE42518968500657C24 /* Debug */,
				67D2FAE52518968500657C24 /* Release */,
			);
			defaultConfigurationIsVisible = 0;
			defaultConfigurationName = Release;
		};
/* End XCConfigurationList section */
	};
	rootObject = 67D2FAC72518968200657C24 /* Project object */;
}
